github.com/akavel/rsrc v0.10.2 h1:Zxm8V5eI1hW4gGaYsJQUhxpjkENuG91ki8B4zCrvEsw=
github.com/akavel/rsrc v0.10.2/go.mod h1:uLoCtb9J+EyAqh+26kdrTgmzRBFPGOolLWKpdxkKq+c=
github.com/cssivision/reverseproxy v0.0.1 h1:IvhNE3XITZOWFhON2faKbrDeGpqa+yfessLQKSSt15U=
github.com/cssivision/reverseproxy v0.0.1/go.mod h1:+QTeWrlVNQDAiB3pnaecTCk5rh1sS3cJltUl/+L2APg=
github.com/tadvi/winc v0.0.0-20210907234902-33fdab6e7e58 h1:h0tZ6ToFW9PUGt+145I77PGTeWa75hfJBs1kw9CgMZg=
github.com/tadvi/winc v0.0.0-20210907234902-33fdab6e7e58/go.mod h1:tNBZi4sduF/C3bQE2wGTIccmErQ4A9M9QkPsICVg+oE=
